// !$*UTF8*$!
{
	archiveVersion = 1;
	classes = {
	};
	objectVersion = 46;
	objects = {

/* Begin PBXBuildFile section */
		B30CFEB61C5EF42300F895ED /* guiHelp.mm in Sources */ = {isa = PBXBuildFile; fileRef = B30CFEB51C5EF42300F895ED /* guiHelp.mm */; };
		B34463601C6C20E0009B2FB7 /* menuHelp.mm in Sources */ = {isa = PBXBuildFile; fileRef = B344635F1C6C20E0009B2FB7 /* menuHelp.mm */; };
		B34E14A41C6D6E3600A9FB78 /* MAAttachedWindow.m in Sources */ = {isa = PBXBuildFile; fileRef = B34E14A31C6D6E3600A9FB78 /* MAAttachedWindow.m */; };
		B34E14B81C6D902800A9FB78 /* MenuBalloonController.m in Sources */ = {isa = PBXBuildFile; fileRef = B34E14B61C6D902800A9FB78 /* MenuBalloonController.m */; };
		B35653971BF405470038B3D3 /* Base.lproj in Resources */ = {isa = PBXBuildFile; fileRef = B35653961BF405470038B3D3 /* Base.lproj */; };
		B356539A1BF405640038B3D3 /* MainMenu.xib in Resources */ = {isa = PBXBuildFile; fileRef = B35653981BF405640038B3D3 /* MainMenu.xib */; };
		B37D20871BF3FD6F00BB9EC5 /* AppDelegate.mm in Sources */ = {isa = PBXBuildFile; fileRef = B37D20831BF3FD6F00BB9EC5 /* AppDelegate.mm */; };
		B37D208A1BF3FD6F00BB9EC5 /* main.m in Sources */ = {isa = PBXBuildFile; fileRef = B37D20861BF3FD6F00BB9EC5 /* main.m */; };
		B37D208D1BF3FD8800BB9EC5 /* Assets.xcassets in Resources */ = {isa = PBXBuildFile; fileRef = B37D208B1BF3FD8800BB9EC5 /* Assets.xcassets */; };
		B37D209E1BF4029100BB9EC5 /* Info.plist in Resources */ = {isa = PBXBuildFile; fileRef = B37D20851BF3FD6F00BB9EC5 /* Info.plist */; };
		B39FD3081C604D02004355E0 /* UserInputBridge.mm in Sources */ = {isa = PBXBuildFile; fileRef = B39FD3071C604D02004355E0 /* UserInputBridge.mm */; };
		B39FD3111C60568A004355E0 /* globals.mm in Sources */ = {isa = PBXBuildFile; fileRef = B39FD3101C60568A004355E0 /* globals.mm */; };
		B39FD3151C6057BE004355E0 /* UserInput.mm in Sources */ = {isa = PBXBuildFile; fileRef = B39FD3131C6057BE004355E0 /* UserInput.mm */; };
		B39FD3161C6057BE004355E0 /* UserInput.xib in Resources */ = {isa = PBXBuildFile; fileRef = B39FD3141C6057BE004355E0 /* UserInput.xib */; };
/* End PBXBuildFile section */

/* Begin PBXFileReference section */
		B30841061BEF3FED0079C46A /* pwclip.app */ = {isa = PBXFileReference; explicitFileType = wrapper.application; includeInIndex = 0; path = pwclip.app; sourceTree = BUILT_PRODUCTS_DIR; };
		B30CFEB31C5EEF1B00F895ED /* globals.h */ = {isa = PBXFileReference; fileEncoding = 4; lastKnownFileType = sourcecode.c.h; path = globals.h; sourceTree = SOURCE_ROOT; };
		B30CFEB41C5EEF1B00F895ED /* includes.h */ = {isa = PBXFileReference; fileEncoding = 4; lastKnownFileType = sourcecode.c.h; path = includes.h; sourceTree = SOURCE_ROOT; };
		B30CFEB51C5EF42300F895ED /* guiHelp.mm */ = {isa = PBXFileReference; fileEncoding = 4; lastKnownFileType = sourcecode.cpp.objcpp; name = guiHelp.mm; path = util/guiHelp.mm; sourceTree = SOURCE_ROOT; };
		B344635F1C6C20E0009B2FB7 /* menuHelp.mm */ = {isa = PBXFileReference; fileEncoding = 4; lastKnownFileType = sourcecode.cpp.objcpp; path = menuHelp.mm; sourceTree = SOURCE_ROOT; };
		B34E14A21C6D6E3600A9FB78 /* MAAttachedWindow.h */ = {isa = PBXFileReference; fileEncoding = 4; lastKnownFileType = sourcecode.c.h; path = MAAttachedWindow.h; sourceTree = SOURCE_ROOT; };
		B34E14A31C6D6E3600A9FB78 /* MAAttachedWindow.m */ = {isa = PBXFileReference; fileEncoding = 4; lastKnownFileType = sourcecode.c.objc; path = MAAttachedWindow.m; sourceTree = SOURCE_ROOT; };
		B34E14B51C6D902800A9FB78 /* MenuBalloonController.h */ = {isa = PBXFileReference; fileEncoding = 4; lastKnownFileType = sourcecode.c.h; path = MenuBalloonController.h; sourceTree = "<group>"; };
		B34E14B61C6D902800A9FB78 /* MenuBalloonController.m */ = {isa = PBXFileReference; fileEncoding = 4; lastKnownFileType = sourcecode.c.objc; path = MenuBalloonController.m; sourceTree = "<group>"; };
		B35653961BF405470038B3D3 /* Base.lproj */ = {isa = PBXFileReference; lastKnownFileType = folder; path = Base.lproj; sourceTree = SOURCE_ROOT; };
		B35653991BF405640038B3D3 /* Base */ = {isa = PBXFileReference; lastKnownFileType = file.xib; name = Base; path = Base.lproj/MainMenu.xib; sourceTree = "<group>"; };
		B37D20821BF3FD6F00BB9EC5 /* AppDelegate.h */ = {isa = PBXFileReference; fileEncoding = 4; lastKnownFileType = sourcecode.c.h; path = AppDelegate.h; sourceTree = SOURCE_ROOT; };
		B37D20831BF3FD6F00BB9EC5 /* AppDelegate.mm */ = {isa = PBXFileReference; fileEncoding = 4; lastKnownFileType = sourcecode.cpp.objcpp; path = AppDelegate.mm; sourceTree = SOURCE_ROOT; };
		B37D20851BF3FD6F00BB9EC5 /* Info.plist */ = {isa = PBXFileReference; fileEncoding = 4; lastKnownFileType = text.plist.xml; path = Info.plist; sourceTree = SOURCE_ROOT; };
		B37D20861BF3FD6F00BB9EC5 /* main.m */ = {isa = PBXFileReference; fileEncoding = 4; lastKnownFileType = sourcecode.c.objc; path = main.m; sourceTree = SOURCE_ROOT; };
		B37D208B1BF3FD8800BB9EC5 /* Assets.xcassets */ = {isa = PBXFileReference; lastKnownFileType = folder.assetcatalog; path = Assets.xcassets; sourceTree = SOURCE_ROOT; };
		B39FD3071C604D02004355E0 /* UserInputBridge.mm */ = {isa = PBXFileReference; fileEncoding = 4; lastKnownFileType = sourcecode.cpp.objcpp; path = UserInputBridge.mm; sourceTree = SOURCE_ROOT; };
		B39FD3101C60568A004355E0 /* globals.mm */ = {isa = PBXFileReference; fileEncoding = 4; lastKnownFileType = sourcecode.cpp.objcpp; path = globals.mm; sourceTree = SOURCE_ROOT; };
		B39FD3121C6057BE004355E0 /* UserInput.h */ = {isa = PBXFileReference; fileEncoding = 4; lastKnownFileType = sourcecode.c.h; path = UserInput.h; sourceTree = SOURCE_ROOT; };
		B39FD3131C6057BE004355E0 /* UserInput.mm */ = {isa = PBXFileReference; fileEncoding = 4; lastKnownFileType = sourcecode.cpp.objcpp; path = UserInput.mm; sourceTree = SOURCE_ROOT; };
		B39FD3141C6057BE004355E0 /* UserInput.xib */ = {isa = PBXFileReference; fileEncoding = 4; lastKnownFileType = file.xib; path = UserInput.xib; sourceTree = SOURCE_ROOT; };
/* End PBXFileReference section */

/* Begin PBXFrameworksBuildPhase section */
		B30841031BEF3FED0079C46A /* Frameworks */ = {
			isa = PBXFrameworksBuildPhase;
			buildActionMask = 2147483647;
			files = (
			);
			runOnlyForDeploymentPostprocessing = 0;
		};
/* End PBXFrameworksBuildPhase section */

/* Begin PBXGroup section */
		B30840FD1BEF3FED0079C46A = {
			isa = PBXGroup;
			children = (
				B30CFEB31C5EEF1B00F895ED /* globals.h */,
				B39FD3101C60568A004355E0 /* globals.mm */,
				B30CFEB41C5EEF1B00F895ED /* includes.h */,
				B3CD5C171C76E9C20005F321 /* util */,
				B3CD5C161C76E9100005F321 /* thirdparty */,
				B3CD5C151C76E9010005F321 /* app */,
				B3CD5C141C76E8CF0005F321 /* UserInput */,
				B3CD5C131C76E8960005F321 /* menu */,
				B30841081BEF3FED0079C46A /* pwclip */,
				B30841071BEF3FED0079C46A /* Products */,
			);
			sourceTree = "<group>";
		};
		B30841071BEF3FED0079C46A /* Products */ = {
			isa = PBXGroup;
			children = (
				B30841061BEF3FED0079C46A /* pwclip.app */,
			);
			name = Products;
			sourceTree = "<group>";
		};
		B30841081BEF3FED0079C46A /* pwclip */ = {
			isa = PBXGroup;
			children = (
				B35653961BF405470038B3D3 /* Base.lproj */,
				B37D208B1BF3FD8800BB9EC5 /* Assets.xcassets */,
				B37D20851BF3FD6F00BB9EC5 /* Info.plist */,
			);
			path = pwclip;
			sourceTree = "<group>";
		};
		B3CD5C131C76E8960005F321 /* menu */ = {
			isa = PBXGroup;
			children = (
				B344635F1C6C20E0009B2FB7 /* menuHelp.mm */,
				B34E14B51C6D902800A9FB78 /* MenuBalloonController.h */,
				B34E14B61C6D902800A9FB78 /* MenuBalloonController.m */,
				B35653981BF405640038B3D3 /* MainMenu.xib */,
			);
			name = menu;
			sourceTree = "<group>";
		};
		B3CD5C141C76E8CF0005F321 /* UserInput */ = {
			isa = PBXGroup;
			children = (
				B39FD3071C604D02004355E0 /* UserInputBridge.mm */,
				B39FD3121C6057BE004355E0 /* UserInput.h */,
				B39FD3131C6057BE004355E0 /* UserInput.mm */,
				B39FD3141C6057BE004355E0 /* UserInput.xib */,
			);
			name = UserInput;
			sourceTree = "<group>";
		};
		B3CD5C151C76E9010005F321 /* app */ = {
			isa = PBXGroup;
			children = (
				B37D20861BF3FD6F00BB9EC5 /* main.m */,
				B37D20821BF3FD6F00BB9EC5 /* AppDelegate.h */,
				B37D20831BF3FD6F00BB9EC5 /* AppDelegate.mm */,
			);
			name = app;
			sourceTree = "<group>";
		};
		B3CD5C161C76E9100005F321 /* thirdparty */ = {
			isa = PBXGroup;
			children = (
				B34E14A21C6D6E3600A9FB78 /* MAAttachedWindow.h */,
				B34E14A31C6D6E3600A9FB78 /* MAAttachedWindow.m */,
			);
			name = thirdparty;
			sourceTree = "<group>";
		};
		B3CD5C171C76E9C20005F321 /* util */ = {
			isa = PBXGroup;
			children = (
				B30CFEB51C5EF42300F895ED /* guiHelp.mm */,
			);
			name = util;
			sourceTree = "<group>";
		};
/* End PBXGroup section */

/* Begin PBXNativeTarget section */
		B30841051BEF3FED0079C46A /* pwclip */ = {
			isa = PBXNativeTarget;
			buildConfigurationList = B30841171BEF3FED0079C46A /* Build configuration list for PBXNativeTarget "pwclip" */;
			buildPhases = (
				B30841021BEF3FED0079C46A /* Sources */,
				B30841031BEF3FED0079C46A /* Frameworks */,
				B30841041BEF3FED0079C46A /* Resources */,
			);
			buildRules = (
			);
			dependencies = (
			);
			name = pwclip;
			productName = pwclip;
			productReference = B30841061BEF3FED0079C46A /* pwclip.app */;
			productType = "com.apple.product-type.application";
		};
/* End PBXNativeTarget section */

/* Begin PBXProject section */
		B30840FE1BEF3FED0079C46A /* Project object */ = {
			isa = PBXProject;
			attributes = {
				LastUpgradeCheck = 0720;
				ORGANIZATIONNAME = "Connor Douthat";
				TargetAttributes = {
					B30841051BEF3FED0079C46A = {
						CreatedOnToolsVersion = 7.2;
					};
				};
			};
			buildConfigurationList = B30841011BEF3FED0079C46A /* Build configuration list for PBXProject "pwclip" */;
			compatibilityVersion = "Xcode 3.2";
			developmentRegion = English;
			hasScannedForEncodings = 0;
			knownRegions = (
				en,
				Base,
			);
			mainGroup = B30840FD1BEF3FED0079C46A;
			productRefGroup = B30841071BEF3FED0079C46A /* Products */;
			projectDirPath = "";
			projectRoot = "";
			targets = (
				B30841051BEF3FED0079C46A /* pwclip */,
			);
		};
/* End PBXProject section */

/* Begin PBXResourcesBuildPhase section */
		B30841041BEF3FED0079C46A /* Resources */ = {
			isa = PBXResourcesBuildPhase;
			buildActionMask = 2147483647;
			files = (
				B356539A1BF405640038B3D3 /* MainMenu.xib in Resources */,
				B37D209E1BF4029100BB9EC5 /* Info.plist in Resources */,
				B35653971BF405470038B3D3 /* Base.lproj in Resources */,
				B37D208D1BF3FD8800BB9EC5 /* Assets.xcassets in Resources */,
				B39FD3161C6057BE004355E0 /* UserInput.xib in Resources */,
			);
			runOnlyForDeploymentPostprocessing = 0;
		};
/* End PBXResourcesBuildPhase section */

/* Begin PBXSourcesBuildPhase section */
		B30841021BEF3FED0079C46A /* Sources */ = {
			isa = PBXSourcesBuildPhase;
			buildActionMask = 2147483647;
			files = (
				B30CFEB61C5EF42300F895ED /* guiHelp.mm in Sources */,
				B37D208A1BF3FD6F00BB9EC5 /* main.m in Sources */,
				B34463601C6C20E0009B2FB7 /* menuHelp.mm in Sources */,
				B39FD3081C604D02004355E0 /* UserInputBridge.mm in Sources */,
				B34E14B81C6D902800A9FB78 /* MenuBalloonController.m in Sources */,
				B37D20871BF3FD6F00BB9EC5 /* AppDelegate.mm in Sources */,
				B34E14A41C6D6E3600A9FB78 /* MAAttachedWindow.m in Sources */,
				B39FD3111C60568A004355E0 /* globals.mm in Sources */,
				B39FD3151C6057BE004355E0 /* UserInput.mm in Sources */,
			);
			runOnlyForDeploymentPostprocessing = 0;
		};
/* End PBXSourcesBuildPhase section */

/* Begin PBXVariantGroup section */
		B35653981BF405640038B3D3 /* MainMenu.xib */ = {
			isa = PBXVariantGroup;
			children = (
				B35653991BF405640038B3D3 /* Base */,
			);
			name = MainMenu.xib;
			sourceTree = "<group>";
		};
/* End PBXVariantGroup section */

/* Begin XCBuildConfiguration section */
		B30841151BEF3FED0079C46A /* Debug */ = {
			isa = XCBuildConfiguration;
			buildSettings = {
				ALWAYS_SEARCH_USER_PATHS = NO;
				CLANG_CXX_LANGUAGE_STANDARD = "gnu++0x";
				CLANG_CXX_LIBRARY = "libc++";
				CLANG_ENABLE_MODULES = YES;
				CLANG_ENABLE_OBJC_ARC = YES;
				CLANG_WARN_BOOL_CONVERSION = YES;
				CLANG_WARN_CONSTANT_CONVERSION = YES;
				CLANG_WARN_DIRECT_OBJC_ISA_USAGE = YES_ERROR;
				CLANG_WARN_EMPTY_BODY = YES;
				CLANG_WARN_ENUM_CONVERSION = YES;
				CLANG_WARN_INT_CONVERSION = YES;
				CLANG_WARN_OBJC_ROOT_CLASS = YES_ERROR;
				CLANG_WARN_UNREACHABLE_CODE = YES;
				CLANG_WARN__DUPLICATE_METHOD_MATCH = YES;
				CODE_SIGN_IDENTITY = "-";
				COPY_PHASE_STRIP = NO;
				DEBUG_INFORMATION_FORMAT = dwarf;
				ENABLE_STRICT_OBJC_MSGSEND = YES;
				ENABLE_TESTABILITY = YES;
				GCC_C_LANGUAGE_STANDARD = gnu99;
				GCC_DYNAMIC_NO_PIC = NO;
				GCC_NO_COMMON_BLOCKS = YES;
				GCC_OPTIMIZATION_LEVEL = 0;
				GCC_PREPROCESSOR_DEFINITIONS = (
					"DEBUG=1",
					"$(inherited)",
				);
				GCC_WARN_64_TO_32_BIT_CONVERSION = YES;
				GCC_WARN_ABOUT_RETURN_TYPE = YES_ERROR;
				GCC_WARN_UNDECLARED_SELECTOR = YES;
				GCC_WARN_UNINITIALIZED_AUTOS = YES_AGGRESSIVE;
				GCC_WARN_UNUSED_FUNCTION = YES;
				GCC_WARN_UNUSED_VARIABLE = YES;
				MACOSX_DEPLOYMENT_TARGET = 10.11;
				MTL_ENABLE_DEBUG_INFO = YES;
				ONLY_ACTIVE_ARCH = YES;
				SDKROOT = macosx;
			};
			name = Debug;
		};
		B30841161BEF3FED0079C46A /* Release */ = {
			isa = XCBuildConfiguration;
			buildSettings = {
				ALWAYS_SEARCH_USER_PATHS = NO;
				CLANG_CXX_LANGUAGE_STANDARD = "gnu++0x";
				CLANG_CXX_LIBRARY = "libc++";
				CLANG_ENABLE_MODULES = YES;
				CLANG_ENABLE_OBJC_ARC = YES;
				CLANG_WARN_BOOL_CONVERSION = YES;
				CLANG_WARN_CONSTANT_CONVERSION = YES;
				CLANG_WARN_DIRECT_OBJC_ISA_USAGE = YES_ERROR;
				CLANG_WARN_EMPTY_BODY = YES;
				CLANG_WARN_ENUM_CONVERSION = YES;
				CLANG_WARN_INT_CONVERSION = YES;
				CLANG_WARN_OBJC_ROOT_CLASS = YES_ERROR;
				CLANG_WARN_UNREACHABLE_CODE = YES;
				CLANG_WARN__DUPLICATE_METHOD_MATCH = YES;
				CODE_SIGN_IDENTITY = "-";
				COPY_PHASE_STRIP = NO;
				DEBUG_INFORMATION_FORMAT = "dwarf-with-dsym";
				ENABLE_NS_ASSERTIONS = NO;
				ENABLE_STRICT_OBJC_MSGSEND = YES;
				GCC_C_LANGUAGE_STANDARD = gnu99;
				GCC_NO_COMMON_BLOCKS = YES;
				GCC_WARN_64_TO_32_BIT_CONVERSION = YES;
				GCC_WARN_ABOUT_RETURN_TYPE = YES_ERROR;
				GCC_WARN_UNDECLARED_SELECTOR = YES;
				GCC_WARN_UNINITIALIZED_AUTOS = YES_AGGRESSIVE;
				GCC_WARN_UNUSED_FUNCTION = YES;
				GCC_WARN_UNUSED_VARIABLE = YES;
				MACOSX_DEPLOYMENT_TARGET = 10.11;
				MTL_ENABLE_DEBUG_INFO = NO;
				SDKROOT = macosx;
			};
			name = Release;
		};
		B30841181BEF3FED0079C46A /* Debug */ = {
			isa = XCBuildConfiguration;
			buildSettings = {
				ASSETCATALOG_COMPILER_APPICON_NAME = AppIcon;
				COMBINE_HIDPI_IMAGES = YES;
				HEADER_SEARCH_PATHS = (
					/usr/local/lib/openssl/include/,
					/usr/local/lib/sqlite3/include/,
				);
				INFOPLIST_FILE = Info.plist;
				LD_RUNPATH_SEARCH_PATHS = "$(inherited) @executable_path/../Frameworks";
				LIBRARY_SEARCH_PATHS = /usr/local/lib/openssl/;
				OTHER_LDFLAGS = (
					/usr/local/lib/sqlite3/sqlite3.o,
					"-lcrypto",
				);
				PRODUCT_BUNDLE_IDENTIFIER = cadouthat.pwclip;
				PRODUCT_NAME = "$(TARGET_NAME)";
			};
			name = Debug;
		};
		B30841191BEF3FED0079C46A /* Release */ = {
			isa = XCBuildConfiguration;
			buildSettings = {
				ASSETCATALOG_COMPILER_APPICON_NAME = AppIcon;
				COMBINE_HIDPI_IMAGES = YES;
				HEADER_SEARCH_PATHS = (
					/usr/local/lib/openssl/include/,
					/usr/local/lib/sqlite3/include/,
				);
				INFOPLIST_FILE = Info.plist;
				LD_RUNPATH_SEARCH_PATHS = "$(inherited) @executable_path/../Frameworks";
				LIBRARY_SEARCH_PATHS = /usr/local/lib/openssl/;
				OTHER_LDFLAGS = (
					/usr/local/lib/sqlite3/sqlite3.o,
					"-lcrypto",
				);
				PRODUCT_BUNDLE_IDENTIFIER = cadouthat.pwclip;
				PRODUCT_NAME = "$(TARGET_NAME)";
			};
			name = Release;
		};
/* End XCBuildConfiguration section */

/* Begin XCConfigurationList section */
		B30841011BEF3FED0079C46A /* Build configuration list for PBXProject "pwclip" */ = {
			isa = XCConfigurationList;
			buildConfigurations = (
				B30841151BEF3FED0079C46A /* Debug */,
				B30841161BEF3FED0079C46A /* Release */,
			);
			defaultConfigurationIsVisible = 0;
			defaultConfigurationName = Release;
		};
		B30841171BEF3FED0079C46A /* Build configuration list for PBXNativeTarget "pwclip" */ = {
			isa = XCConfigurationList;
			buildConfigurations = (
				B30841181BEF3FED0079C46A /* Debug */,
				B30841191BEF3FED0079C46A /* Release */,
			);
			defaultConfigurationIsVisible = 0;
			defaultConfigurationName = Release;
		};
/* End XCConfigurationList section */
	};
	rootObject = B30840FE1BEF3FED0079C46A /* Project object */;
}
